{
  "version": 4,
  "terraform_version": "1.7.5",
  "serial": 142,
  "lineage": "4770ea11-8d04-084a-7c2f-0e0f1e482980",
  "outputs": {},
  "resources": [
    {
      "mode": "data",
      "type": "aws_iam_policy_document",
      "name": "admin_policy_doc",
      "provider": "provider[\"registry.terraform.io/hashicorp/aws\"]",
      "instances": [
        {
          "schema_version": 0,
          "attributes": {
            "id": "114774081",
            "json": "{\n  \"Version\": \"2012-10-17\",\n  \"Statement\": [\n    {\n      \"Sid\": \"1\",\n      \"Effect\": \"Allow\",\n      \"Action\": [\n        \"s3:ListObject\",\n        \"s3:GetObjectTagging\",\n        \"s3:GetObject\",\n        \"s3:*\"\n      ],\n      \"Resource\": [\n        \"arn:aws:s3:::terraform-cpt/lambda_function_jsr.zip\",\n        \"arn:aws:s3:::terraform-cpt/*\",\n        \"arn:aws:s3:::*\"\n      ]\n    },\n    {\n      \"Sid\": \"2\",\n      \"Effect\": \"Allow\",\n      \"Action\": \"s3:CreateBucket\",\n      \"Resource\": \"*\"\n    },\n    {\n      \"Sid\": \"3\",\n      \"Effect\": \"Allow\",\n      \"Action\": \"dynamodb:*\",\n      \"Resource\": \"*\"\n    },\n    {\n      \"Sid\": \"4\",\n      \"Effect\": \"Allow\",\n      \"Action\": \"comprehend:*\",\n      \"Resource\": \"*\"\n    },\n    {\n      \"Sid\": \"5\",\n      \"Effect\": \"Allow\",\n      \"Action\": \"lambda:*\",\n      \"Resource\": \"*\"\n    },\n    {\n      \"Sid\": \"\",\n      \"Effect\": \"Allow\",\n      \"Action\": \"sts:AssumeRole\",\n      \"Resource\": \"arn:aws:iam::533267234006:role/admin\"\n    }\n  ]\n}",
            "override_json": null,
            "override_policy_documents": null,
            "policy_id": null,
            "source_json": null,
            "source_policy_documents": null,
            "statement": [
              {
                "actions": [
                  "s3:*",
                  "s3:GetObject",
                  "s3:GetObjectTagging",
                  "s3:ListObject"
                ],
                "condition": [],
                "effect": "Allow",
                "not_actions": [],
                "not_principals": [],
                "not_resources": [],
                "principals": [],
                "resources": [
                  "arn:aws:s3:::*",
                  "arn:aws:s3:::terraform-cpt/*",
                  "arn:aws:s3:::terraform-cpt/lambda_function_jsr.zip"
                ],
                "sid": "1"
              },
              {
                "actions": [
                  "s3:CreateBucket"
                ],
                "condition": [],
                "effect": "Allow",
                "not_actions": [],
                "not_principals": [],
                "not_resources": [],
                "principals": [],
                "resources": [
                  "*"
                ],
                "sid": "2"
              },
              {
                "actions": [
                  "dynamodb:*"
                ],
                "condition": [],
                "effect": "Allow",
                "not_actions": [],
                "not_principals": [],
                "not_resources": [],
                "principals": [],
                "resources": [
                  "*"
                ],
                "sid": "3"
              },
              {
                "actions": [
                  "comprehend:*"
                ],
                "condition": [],
                "effect": "Allow",
                "not_actions": [],
                "not_principals": [],
                "not_resources": [],
                "principals": [],
                "resources": [
                  "*"
                ],
                "sid": "4"
              },
              {
                "actions": [
                  "lambda:*"
                ],
                "condition": [],
                "effect": "Allow",
                "not_actions": [],
                "not_principals": [],
                "not_resources": [],
                "principals": [],
                "resources": [
                  "*"
                ],
                "sid": "5"
              },
              {
                "actions": [
                  "sts:AssumeRole"
                ],
                "condition": [],
                "effect": "Allow",
                "not_actions": [],
                "not_principals": [],
                "not_resources": [],
                "principals": [],
                "resources": [
                  "arn:aws:iam::533267234006:role/admin"
                ],
                "sid": ""
              }
            ],
            "version": "2012-10-17"
          },
          "sensitive_attributes": []
        }
      ]
    },
    {
      "mode": "managed",
      "type": "aws_iam_policy",
      "name": "admin_policy",
      "provider": "provider[\"registry.terraform.io/hashicorp/aws\"]",
      "instances": [
        {
          "schema_version": 0,
          "attributes": {
            "arn": "arn:aws:iam::533267234006:policy/admin",
            "description": "",
            "id": "arn:aws:iam::533267234006:policy/admin",
            "name": "admin",
            "name_prefix": "",
            "path": "/",
            "policy": "{\"Statement\":[{\"Action\":[\"s3:ListObject\",\"s3:GetObjectTagging\",\"s3:GetObject\",\"s3:*\"],\"Effect\":\"Allow\",\"Resource\":[\"arn:aws:s3:::terraform-cpt/lambda_function_jsr.zip\",\"arn:aws:s3:::terraform-cpt/*\",\"arn:aws:s3:::*\"],\"Sid\":\"1\"},{\"Action\":\"s3:CreateBucket\",\"Effect\":\"Allow\",\"Resource\":\"*\",\"Sid\":\"2\"},{\"Action\":\"dynamodb:*\",\"Effect\":\"Allow\",\"Resource\":\"*\",\"Sid\":\"3\"},{\"Action\":\"comprehend:*\",\"Effect\":\"Allow\",\"Resource\":\"*\",\"Sid\":\"4\"},{\"Action\":\"lambda:*\",\"Effect\":\"Allow\",\"Resource\":\"*\",\"Sid\":\"5\"},{\"Action\":\"sts:AssumeRole\",\"Effect\":\"Allow\",\"Resource\":\"arn:aws:iam::533267234006:role/admin\",\"Sid\":\"\"}],\"Version\":\"2012-10-17\"}",
            "policy_id": "ANPAXYKJUHTLOGOW5TDMF",
            "tags": {},
            "tags_all": {}
          },
          "sensitive_attributes": [],
          "private": "bnVsbA==",
          "dependencies": [
            "aws_iam_role.admin",
            "data.aws_iam_policy_document.admin_policy_doc"
          ]
        }
      ]
    },
    {
      "mode": "managed",
      "type": "aws_iam_role",
      "name": "admin",
      "provider": "provider[\"registry.terraform.io/hashicorp/aws\"]",
      "instances": [
        {
          "schema_version": 0,
          "attributes": {
            "arn": "arn:aws:iam::533267234006:role/admin",
            "assume_role_policy": "{\"Statement\":[{\"Action\":\"sts:AssumeRole\",\"Effect\":\"Allow\",\"Principal\":{\"AWS\":\"*\"},\"Sid\":\"\"}],\"Version\":\"2012-10-17\"}",
            "create_date": "2024-04-01T20:39:17Z",
            "description": "",
            "force_detach_policies": false,
            "id": "admin",
            "inline_policy": [],
            "managed_policy_arns": [
              "arn:aws:iam::533267234006:policy/admin"
            ],
            "max_session_duration": 3600,
            "name": "admin",
            "name_prefix": "",
            "path": "/",
            "permissions_boundary": null,
            "role_last_used": [
              {
                "last_used_date": "",
                "region": ""
              }
            ],
            "tags": {},
            "tags_all": {},
            "unique_id": "AROAXYKJUHTLEMSNQHQMR"
          },
          "sensitive_attributes": [],
          "private": "bnVsbA=="
        }
      ]
    },
    {
      "mode": "managed",
      "type": "aws_iam_role_policy_attachment",
      "name": "attach",
      "provider": "provider[\"registry.terraform.io/hashicorp/aws\"]",
      "instances": [
        {
          "schema_version": 0,
          "attributes": {
            "id": "admin-20240401204018567500000001",
            "policy_arn": "arn:aws:iam::533267234006:policy/admin",
            "role": "admin"
          },
          "sensitive_attributes": [],
          "private": "bnVsbA==",
          "dependencies": [
            "aws_iam_policy.admin_policy",
            "aws_iam_role.admin",
            "data.aws_iam_policy_document.admin_policy_doc"
          ]
        }
      ]
    }
  ],
  "check_results": null
}
